
Microsoft Visual Studio Solution File, Format Version 12.00
# Visual Studio Version 16
VisualStudioVersion = 16.0.30717.126
MinimumVisualStudioVersion = 10.0.40219.1
Project("{FAE04EC0-301F-11D3-BF4B-00C04F79EFBC}") = "DemoYFA", "DemoYFA\DemoYFA.csproj", "{8A54EB21-805D-47C8-97F0-095DD8B375E4}"
EndProject
Global
	GlobalSection(SolutionConfigurationPlatforms) = preSolution
		Debug|Any CPU = Debug|Any CPU
		Release|Any CPU = Release|Any CPU
	EndGlobalSection
	GlobalSection(ProjectConfigurationPlatforms) = postSolution
		{8A54EB21-805D-47C8-97F0-095DD8B375E4}.Debug|Any CPU.ActiveCfg = Debug|Any CPU
		{8A54EB21-805D-47C8-97F0-095DD8B375E4}.Debug|Any CPU.Build.0 = Debug|Any CPU
		{8A54EB21-805D-47C8-97F0-095DD8B375E4}.Release|Any CPU.ActiveCfg = Release|Any CPU
		{8A54EB21-805D-47C8-97F0-095DD8B375E4}.Release|Any CPU.Build.0 = Release|Any CPU
	EndGlobalSection
	GlobalSection(SolutionProperties) = preSolution
		HideSolutionNode = FALSE
	EndGlobalSection
	GlobalSection(ExtensibilityGlobals) = postSolution
		SolutionGuid = {B8F2434B-D8CC-43AB-89DC-3BA439D1F77F}
	EndGlobalSection
EndGlobal
